
Microsoft Visual Studio Solution File, Format Version 12.00
# Visual Studio Version 17
VisualStudioVersion = 17.13.35825.156
MinimumVisualStudioVersion = 10.0.40219.1
Project("{FAE04EC0-301F-11D3-BF4B-00C04F79EFBC}") = "poo_aula", "poo_aula\poo_aula.csproj", "{F954D08C-C252-41E8-AE6E-79DA1A907D82}"
EndProject
Project("{FAE04EC0-301F-11D3-BF4B-00C04F79EFBC}") = "poo_aula_2", "poo_aula_2\poo_aula_2.csproj", "{9E06F5CF-08F5-4623-8954-59643DD16718}"
EndProject
Project("{FAE04EC0-301F-11D3-BF4B-00C04F79EFBC}") = "poo_aula_3", "poo_aula_3\poo_aula_3.csproj", "{1AF63A44-E3F6-4562-AA77-44DB3A2CDA81}"
EndProject
Global
	GlobalSection(SolutionConfigurationPlatforms) = preSolution
		Debug|Any CPU = Debug|Any CPU
		Release|Any CPU = Release|Any CPU
	EndGlobalSection
	GlobalSection(ProjectConfigurationPlatforms) = postSolution
		{F954D08C-C252-41E8-AE6E-79DA1A907D82}.Debug|Any CPU.ActiveCfg = Debug|Any CPU
		{F954D08C-C252-41E8-AE6E-79DA1A907D82}.Debug|Any CPU.Build.0 = Debug|Any CPU
		{F954D08C-C252-41E8-AE6E-79DA1A907D82}.Release|Any CPU.ActiveCfg = Release|Any CPU
		{F954D08C-C252-41E8-AE6E-79DA1A907D82}.Release|Any CPU.Build.0 = Release|Any CPU
		{9E06F5CF-08F5-4623-8954-59643DD16718}.Debug|Any CPU.ActiveCfg = Debug|Any CPU
		{9E06F5CF-08F5-4623-8954-59643DD16718}.Debug|Any CPU.Build.0 = Debug|Any CPU
		{9E06F5CF-08F5-4623-8954-59643DD16718}.Release|Any CPU.ActiveCfg = Release|Any CPU
		{9E06F5CF-08F5-4623-8954-59643DD16718}.Release|Any CPU.Build.0 = Release|Any CPU
		{1AF63A44-E3F6-4562-AA77-44DB3A2CDA81}.Debug|Any CPU.ActiveCfg = Debug|Any CPU
		{1AF63A44-E3F6-4562-AA77-44DB3A2CDA81}.Debug|Any CPU.Build.0 = Debug|Any CPU
		{1AF63A44-E3F6-4562-AA77-44DB3A2CDA81}.Release|Any CPU.ActiveCfg = Release|Any CPU
		{1AF63A44-E3F6-4562-AA77-44DB3A2CDA81}.Release|Any CPU.Build.0 = Release|Any CPU
	EndGlobalSection
	GlobalSection(SolutionProperties) = preSolution
		HideSolutionNode = FALSE
	EndGlobalSection
	GlobalSection(ExtensibilityGlobals) = postSolution
		SolutionGuid = {7D39F769-DC86-4EAE-BDB3-4DC479D05328}
	EndGlobalSection
EndGlobal
